{
  "object": {
    "pins": [
      {
        "package": "SQLite.swift",
        "repositoryURL": "https://github.com/rzmudzin/SQLite.swift.git",
        "state": {
          "branch": "marriott",
          "revision": "5f5ad81ac0d0a0f3e56e39e646e8423c617df523",
          "version": null
        }
      }
    ]
  },
  "version": 1
}
